// !$*UTF8*$!
{
	archiveVersion = 1;
	classes = {
	};
	objectVersion = 56;
	objects = {

/* Begin PBXBuildFile section */
		852794042A4572B900556FA7 /* CryptoShareApp.swift in Sources */ = {isa = PBXBuildFile; fileRef = 852794032A4572B900556FA7 /* CryptoShareApp.swift */; };
		852794082A4572BA00556FA7 /* Assets.xcassets in Resources */ = {isa = PBXBuildFile; fileRef = 852794072A4572BA00556FA7 /* Assets.xcassets */; };
		8527940B2A4572BA00556FA7 /* Preview Assets.xcassets in Resources */ = {isa = PBXBuildFile; fileRef = 8527940A2A4572BA00556FA7 /* Preview Assets.xcassets */; };
		852794212A4574EF00556FA7 /* FirebaseAuth in Frameworks */ = {isa = PBXBuildFile; productRef = 852794202A4574EF00556FA7 /* FirebaseAuth */; };
		852794232A4574EF00556FA7 /* FirebaseDatabase in Frameworks */ = {isa = PBXBuildFile; productRef = 852794222A4574EF00556FA7 /* FirebaseDatabase */; };
		852794252A4574EF00556FA7 /* FirebaseFirestore in Frameworks */ = {isa = PBXBuildFile; productRef = 852794242A4574EF00556FA7 /* FirebaseFirestore */; };
		852794272A4574EF00556FA7 /* FirebaseStorage in Frameworks */ = {isa = PBXBuildFile; productRef = 852794262A4574EF00556FA7 /* FirebaseStorage */; };
		8527942D2A4575A000556FA7 /* AuthenticationService.swift in Sources */ = {isa = PBXBuildFile; fileRef = 8527942C2A4575A000556FA7 /* AuthenticationService.swift */; };
		852794302A4575C100556FA7 /* CustomButton.swift in Sources */ = {isa = PBXBuildFile; fileRef = 8527942F2A4575C100556FA7 /* CustomButton.swift */; };
		852794322A45790500556FA7 /* CustomUserInput.swift in Sources */ = {isa = PBXBuildFile; fileRef = 852794312A45790500556FA7 /* CustomUserInput.swift */; };
		8527943A2A45827A00556FA7 /* Login.swift in Sources */ = {isa = PBXBuildFile; fileRef = 852794392A45827A00556FA7 /* Login.swift */; };
		8527943C2A4582A400556FA7 /* AuthenticationViewModel.swift in Sources */ = {isa = PBXBuildFile; fileRef = 8527943B2A4582A400556FA7 /* AuthenticationViewModel.swift */; };
/* End PBXBuildFile section */

/* Begin PBXFileReference section */
		852794002A4572B900556FA7 /* CryptoShare.app */ = {isa = PBXFileReference; explicitFileType = wrapper.application; includeInIndex = 0; path = CryptoShare.app; sourceTree = BUILT_PRODUCTS_DIR; };
		852794032A4572B900556FA7 /* CryptoShareApp.swift */ = {isa = PBXFileReference; lastKnownFileType = sourcecode.swift; path = CryptoShareApp.swift; sourceTree = "<group>"; };
		852794072A4572BA00556FA7 /* Assets.xcassets */ = {isa = PBXFileReference; lastKnownFileType = folder.assetcatalog; path = Assets.xcassets; sourceTree = "<group>"; };
		8527940A2A4572BA00556FA7 /* Preview Assets.xcassets */ = {isa = PBXFileReference; lastKnownFileType = folder.assetcatalog; path = "Preview Assets.xcassets"; sourceTree = "<group>"; };
		8527942C2A4575A000556FA7 /* AuthenticationService.swift */ = {isa = PBXFileReference; lastKnownFileType = sourcecode.swift; path = AuthenticationService.swift; sourceTree = "<group>"; };
		8527942F2A4575C100556FA7 /* CustomButton.swift */ = {isa = PBXFileReference; lastKnownFileType = sourcecode.swift; path = CustomButton.swift; sourceTree = "<group>"; };
		852794312A45790500556FA7 /* CustomUserInput.swift */ = {isa = PBXFileReference; lastKnownFileType = sourcecode.swift; path = CustomUserInput.swift; sourceTree = "<group>"; };
		852794392A45827A00556FA7 /* Login.swift */ = {isa = PBXFileReference; lastKnownFileType = sourcecode.swift; path = Login.swift; sourceTree = "<group>"; };
		8527943B2A4582A400556FA7 /* AuthenticationViewModel.swift */ = {isa = PBXFileReference; lastKnownFileType = sourcecode.swift; path = AuthenticationViewModel.swift; sourceTree = "<group>"; };
		8527943F2A458A7B00556FA7 /* .gitignore.md */ = {isa = PBXFileReference; lastKnownFileType = net.daringfireball.markdown; path = .gitignore.md; sourceTree = "<group>"; };
/* End PBXFileReference section */

/* Begin PBXFrameworksBuildPhase section */
		852793FD2A4572B900556FA7 /* Frameworks */ = {
			isa = PBXFrameworksBuildPhase;
			buildActionMask = 2147483647;
			files = (
				852794232A4574EF00556FA7 /* FirebaseDatabase in Frameworks */,
				852794272A4574EF00556FA7 /* FirebaseStorage in Frameworks */,
				852794212A4574EF00556FA7 /* FirebaseAuth in Frameworks */,
				852794252A4574EF00556FA7 /* FirebaseFirestore in Frameworks */,
			);
			runOnlyForDeploymentPostprocessing = 0;
		};
/* End PBXFrameworksBuildPhase section */

/* Begin PBXGroup section */
		852793F72A4572B900556FA7 = {
			isa = PBXGroup;
			children = (
				852794022A4572B900556FA7 /* CryptoShare */,
				852794012A4572B900556FA7 /* Products */,
			);
			sourceTree = "<group>";
		};
		852794012A4572B900556FA7 /* Products */ = {
			isa = PBXGroup;
			children = (
				852794002A4572B900556FA7 /* CryptoShare.app */,
			);
			name = Products;
			sourceTree = "<group>";
		};
		852794022A4572B900556FA7 /* CryptoShare */ = {
			isa = PBXGroup;
			children = (
				852794122A45731E00556FA7 /* Base */,
				852794112A45731700556FA7 /* Feature */,
				852794032A4572B900556FA7 /* CryptoShareApp.swift */,
				852794072A4572BA00556FA7 /* Assets.xcassets */,
				852794092A4572BA00556FA7 /* Preview Content */,
				8527943F2A458A7B00556FA7 /* .gitignore.md */,
			);
			path = CryptoShare;
			sourceTree = "<group>";
		};
		852794092A4572BA00556FA7 /* Preview Content */ = {
			isa = PBXGroup;
			children = (
				8527940A2A4572BA00556FA7 /* Preview Assets.xcassets */,
			);
			path = "Preview Content";
			sourceTree = "<group>";
		};
		852794112A45731700556FA7 /* Feature */ = {
			isa = PBXGroup;
			children = (
				852794352A45822400556FA7 /* Authentication */,
				852794182A45739C00556FA7 /* Register */,
				852794172A45739200556FA7 /* Login */,
			);
			path = Feature;
			sourceTree = "<group>";
		};
		852794122A45731E00556FA7 /* Base */ = {
			isa = PBXGroup;
			children = (
				8527942E2A4575AB00556FA7 /* View */,
				8527942B2A45758F00556FA7 /* Service */,
				852794132A45732A00556FA7 /* Constants */,
			);
			path = Base;
			sourceTree = "<group>";
		};
		852794132A45732A00556FA7 /* Constants */ = {
			isa = PBXGroup;
			children = (
			);
			path = Constants;
			sourceTree = "<group>";
		};
		852794172A45739200556FA7 /* Login */ = {
			isa = PBXGroup;
			children = (
				8527942A2A45755300556FA7 /* Screen */,
			);
			path = Login;
			sourceTree = "<group>";
		};
		852794182A45739C00556FA7 /* Register */ = {
			isa = PBXGroup;
			children = (
			);
			path = Register;
			sourceTree = "<group>";
		};
		8527942A2A45755300556FA7 /* Screen */ = {
			isa = PBXGroup;
			children = (
			);
			path = Screen;
			sourceTree = "<group>";
		};
		8527942B2A45758F00556FA7 /* Service */ = {
			isa = PBXGroup;
			children = (
				8527942C2A4575A000556FA7 /* AuthenticationService.swift */,
			);
			path = Service;
			sourceTree = "<group>";
		};
		8527942E2A4575AB00556FA7 /* View */ = {
			isa = PBXGroup;
			children = (
				8527942F2A4575C100556FA7 /* CustomButton.swift */,
				852794312A45790500556FA7 /* CustomUserInput.swift */,
			);
			path = View;
			sourceTree = "<group>";
		};
		852794352A45822400556FA7 /* Authentication */ = {
			isa = PBXGroup;
			children = (
				852794382A45825F00556FA7 /* Screen */,
				852794372A45823800556FA7 /* ViewModel */,
				852794362A45823300556FA7 /* View */,
			);
			path = Authentication;
			sourceTree = "<group>";
		};
		852794362A45823300556FA7 /* View */ = {
			isa = PBXGroup;
			children = (
			);
			path = View;
			sourceTree = "<group>";
		};
		852794372A45823800556FA7 /* ViewModel */ = {
			isa = PBXGroup;
			children = (
				8527943B2A4582A400556FA7 /* AuthenticationViewModel.swift */,
			);
			path = ViewModel;
			sourceTree = "<group>";
		};
		852794382A45825F00556FA7 /* Screen */ = {
			isa = PBXGroup;
			children = (
				852794392A45827A00556FA7 /* Login.swift */,
			);
			path = Screen;
			sourceTree = "<group>";
		};
/* End PBXGroup section */

/* Begin PBXNativeTarget section */
		852793FF2A4572B900556FA7 /* CryptoShare */ = {
			isa = PBXNativeTarget;
			buildConfigurationList = 8527940E2A4572BA00556FA7 /* Build configuration list for PBXNativeTarget "CryptoShare" */;
			buildPhases = (
				852793FC2A4572B900556FA7 /* Sources */,
				852793FD2A4572B900556FA7 /* Frameworks */,
				852793FE2A4572B900556FA7 /* Resources */,
			);
			buildRules = (
			);
			dependencies = (
			);
			name = CryptoShare;
			packageProductDependencies = (
				852794202A4574EF00556FA7 /* FirebaseAuth */,
				852794222A4574EF00556FA7 /* FirebaseDatabase */,
				852794242A4574EF00556FA7 /* FirebaseFirestore */,
				852794262A4574EF00556FA7 /* FirebaseStorage */,
			);
			productName = CryptoShare;
			productReference = 852794002A4572B900556FA7 /* CryptoShare.app */;
			productType = "com.apple.product-type.application";
		};
/* End PBXNativeTarget section */

/* Begin PBXProject section */
		852793F82A4572B900556FA7 /* Project object */ = {
			isa = PBXProject;
			attributes = {
				BuildIndependentTargetsInParallel = 1;
				LastSwiftUpdateCheck = 1430;
				LastUpgradeCheck = 1430;
				TargetAttributes = {
					852793FF2A4572B900556FA7 = {
						CreatedOnToolsVersion = 14.3.1;
					};
				};
			};
			buildConfigurationList = 852793FB2A4572B900556FA7 /* Build configuration list for PBXProject "CryptoShare" */;
			compatibilityVersion = "Xcode 14.0";
			developmentRegion = en;
			hasScannedForEncodings = 0;
			knownRegions = (
				en,
				Base,
			);
			mainGroup = 852793F72A4572B900556FA7;
			packageReferences = (
				8527941F2A4574EF00556FA7 /* XCRemoteSwiftPackageReference "firebase-ios-sdk" */,
			);
			productRefGroup = 852794012A4572B900556FA7 /* Products */;
			projectDirPath = "";
			projectRoot = "";
			targets = (
				852793FF2A4572B900556FA7 /* CryptoShare */,
			);
		};
/* End PBXProject section */

/* Begin PBXResourcesBuildPhase section */
		852793FE2A4572B900556FA7 /* Resources */ = {
			isa = PBXResourcesBuildPhase;
			buildActionMask = 2147483647;
			files = (
				8527940B2A4572BA00556FA7 /* Preview Assets.xcassets in Resources */,
				852794082A4572BA00556FA7 /* Assets.xcassets in Resources */,
			);
			runOnlyForDeploymentPostprocessing = 0;
		};
/* End PBXResourcesBuildPhase section */

/* Begin PBXSourcesBuildPhase section */
		852793FC2A4572B900556FA7 /* Sources */ = {
			isa = PBXSourcesBuildPhase;
			buildActionMask = 2147483647;
			files = (
				852794302A4575C100556FA7 /* CustomButton.swift in Sources */,
				852794322A45790500556FA7 /* CustomUserInput.swift in Sources */,
				8527943C2A4582A400556FA7 /* AuthenticationViewModel.swift in Sources */,
				8527942D2A4575A000556FA7 /* AuthenticationService.swift in Sources */,
				852794042A4572B900556FA7 /* CryptoShareApp.swift in Sources */,
				8527943A2A45827A00556FA7 /* Login.swift in Sources */,
			);
			runOnlyForDeploymentPostprocessing = 0;
		};
/* End PBXSourcesBuildPhase section */

/* Begin XCBuildConfiguration section */
		8527940C2A4572BA00556FA7 /* Debug */ = {
			isa = XCBuildConfiguration;
			buildSettings = {
				ALWAYS_SEARCH_USER_PATHS = NO;
				CLANG_ANALYZER_NONNULL = YES;
				CLANG_ANALYZER_NUMBER_OBJECT_CONVERSION = YES_AGGRESSIVE;
				CLANG_CXX_LANGUAGE_STANDARD = "gnu++20";
				CLANG_ENABLE_MODULES = YES;
				CLANG_ENABLE_OBJC_ARC = YES;
				CLANG_ENABLE_OBJC_WEAK = YES;
				CLANG_WARN_BLOCK_CAPTURE_AUTORELEASING = YES;
				CLANG_WARN_BOOL_CONVERSION = YES;
				CLANG_WARN_COMMA = YES;
				CLANG_WARN_CONSTANT_CONVERSION = YES;
				CLANG_WARN_DEPRECATED_OBJC_IMPLEMENTATIONS = YES;
				CLANG_WARN_DIRECT_OBJC_ISA_USAGE = YES_ERROR;
				CLANG_WARN_DOCUMENTATION_COMMENTS = YES;
				CLANG_WARN_EMPTY_BODY = YES;
				CLANG_WARN_ENUM_CONVERSION = YES;
				CLANG_WARN_INFINITE_RECURSION = YES;
				CLANG_WARN_INT_CONVERSION = YES;
				CLANG_WARN_NON_LITERAL_NULL_CONVERSION = YES;
				CLANG_WARN_OBJC_IMPLICIT_RETAIN_SELF = YES;
				CLANG_WARN_OBJC_LITERAL_CONVERSION = YES;
				CLANG_WARN_OBJC_ROOT_CLASS = YES_ERROR;
				CLANG_WARN_QUOTED_INCLUDE_IN_FRAMEWORK_HEADER = YES;
				CLANG_WARN_RANGE_LOOP_ANALYSIS = YES;
				CLANG_WARN_STRICT_PROTOTYPES = YES;
				CLANG_WARN_SUSPICIOUS_MOVE = YES;
				CLANG_WARN_UNGUARDED_AVAILABILITY = YES_AGGRESSIVE;
				CLANG_WARN_UNREACHABLE_CODE = YES;
				CLANG_WARN__DUPLICATE_METHOD_MATCH = YES;
				COPY_PHASE_STRIP = NO;
				DEBUG_INFORMATION_FORMAT = dwarf;
				ENABLE_STRICT_OBJC_MSGSEND = YES;
				ENABLE_TESTABILITY = YES;
				GCC_C_LANGUAGE_STANDARD = gnu11;
				GCC_DYNAMIC_NO_PIC = NO;
				GCC_NO_COMMON_BLOCKS = YES;
				GCC_OPTIMIZATION_LEVEL = 0;
				GCC_PREPROCESSOR_DEFINITIONS = (
					"DEBUG=1",
					"$(inherited)",
				);
				GCC_WARN_64_TO_32_BIT_CONVERSION = YES;
				GCC_WARN_ABOUT_RETURN_TYPE = YES_ERROR;
				GCC_WARN_UNDECLARED_SELECTOR = YES;
				GCC_WARN_UNINITIALIZED_AUTOS = YES_AGGRESSIVE;
				GCC_WARN_UNUSED_FUNCTION = YES;
				GCC_WARN_UNUSED_VARIABLE = YES;
				IPHONEOS_DEPLOYMENT_TARGET = 16.4;
				MTL_ENABLE_DEBUG_INFO = INCLUDE_SOURCE;
				MTL_FAST_MATH = YES;
				ONLY_ACTIVE_ARCH = YES;
				SDKROOT = iphoneos;
				SWIFT_ACTIVE_COMPILATION_CONDITIONS = DEBUG;
				SWIFT_OPTIMIZATION_LEVEL = "-Onone";
			};
			name = Debug;
		};
		8527940D2A4572BA00556FA7 /* Release */ = {
			isa = XCBuildConfiguration;
			buildSettings = {
				ALWAYS_SEARCH_USER_PATHS = NO;
				CLANG_ANALYZER_NONNULL = YES;
				CLANG_ANALYZER_NUMBER_OBJECT_CONVERSION = YES_AGGRESSIVE;
				CLANG_CXX_LANGUAGE_STANDARD = "gnu++20";
				CLANG_ENABLE_MODULES = YES;
				CLANG_ENABLE_OBJC_ARC = YES;
				CLANG_ENABLE_OBJC_WEAK = YES;
				CLANG_WARN_BLOCK_CAPTURE_AUTORELEASING = YES;
				CLANG_WARN_BOOL_CONVERSION = YES;
				CLANG_WARN_COMMA = YES;
				CLANG_WARN_CONSTANT_CONVERSION = YES;
				CLANG_WARN_DEPRECATED_OBJC_IMPLEMENTATIONS = YES;
				CLANG_WARN_DIRECT_OBJC_ISA_USAGE = YES_ERROR;
				CLANG_WARN_DOCUMENTATION_COMMENTS = YES;
				CLANG_WARN_EMPTY_BODY = YES;
				CLANG_WARN_ENUM_CONVERSION = YES;
				CLANG_WARN_INFINITE_RECURSION = YES;
				CLANG_WARN_INT_CONVERSION = YES;
				CLANG_WARN_NON_LITERAL_NULL_CONVERSION = YES;
				CLANG_WARN_OBJC_IMPLICIT_RETAIN_SELF = YES;
				CLANG_WARN_OBJC_LITERAL_CONVERSION = YES;
				CLANG_WARN_OBJC_ROOT_CLASS = YES_ERROR;
				CLANG_WARN_QUOTED_INCLUDE_IN_FRAMEWORK_HEADER = YES;
				CLANG_WARN_RANGE_LOOP_ANALYSIS = YES;
				CLANG_WARN_STRICT_PROTOTYPES = YES;
				CLANG_WARN_SUSPICIOUS_MOVE = YES;
				CLANG_WARN_UNGUARDED_AVAILABILITY = YES_AGGRESSIVE;
				CLANG_WARN_UNREACHABLE_CODE = YES;
				CLANG_WARN__DUPLICATE_METHOD_MATCH = YES;
				COPY_PHASE_STRIP = NO;
				DEBUG_INFORMATION_FORMAT = "dwarf-with-dsym";
				ENABLE_NS_ASSERTIONS = NO;
				ENABLE_STRICT_OBJC_MSGSEND = YES;
				GCC_C_LANGUAGE_STANDARD = gnu11;
				GCC_NO_COMMON_BLOCKS = YES;
				GCC_WARN_64_TO_32_BIT_CONVERSION = YES;
				GCC_WARN_ABOUT_RETURN_TYPE = YES_ERROR;
				GCC_WARN_UNDECLARED_SELECTOR = YES;
				GCC_WARN_UNINITIALIZED_AUTOS = YES_AGGRESSIVE;
				GCC_WARN_UNUSED_FUNCTION = YES;
				GCC_WARN_UNUSED_VARIABLE = YES;
				IPHONEOS_DEPLOYMENT_TARGET = 16.4;
				MTL_ENABLE_DEBUG_INFO = NO;
				MTL_FAST_MATH = YES;
				SDKROOT = iphoneos;
				SWIFT_COMPILATION_MODE = wholemodule;
				SWIFT_OPTIMIZATION_LEVEL = "-O";
				VALIDATE_PRODUCT = YES;
			};
			name = Release;
		};
		8527940F2A4572BA00556FA7 /* Debug */ = {
			isa = XCBuildConfiguration;
			buildSettings = {
				ASSETCATALOG_COMPILER_APPICON_NAME = AppIcon;
				ASSETCATALOG_COMPILER_GLOBAL_ACCENT_COLOR_NAME = AccentColor;
				CODE_SIGN_STYLE = Automatic;
				CURRENT_PROJECT_VERSION = 1;
				DEVELOPMENT_ASSET_PATHS = "\"CryptoShare/Preview Content\"";
				DEVELOPMENT_TEAM = Y8F7U4Y956;
				ENABLE_PREVIEWS = YES;
				GENERATE_INFOPLIST_FILE = YES;
				INFOPLIST_KEY_UIApplicationSceneManifest_Generation = YES;
				INFOPLIST_KEY_UIApplicationSupportsIndirectInputEvents = YES;
				INFOPLIST_KEY_UILaunchScreen_Generation = YES;
				INFOPLIST_KEY_UISupportedInterfaceOrientations_iPad = "UIInterfaceOrientationPortrait UIInterfaceOrientationPortraitUpsideDown UIInterfaceOrientationLandscapeLeft UIInterfaceOrientationLandscapeRight";
				INFOPLIST_KEY_UISupportedInterfaceOrientations_iPhone = "UIInterfaceOrientationPortrait UIInterfaceOrientationLandscapeLeft UIInterfaceOrientationLandscapeRight";
				LD_RUNPATH_SEARCH_PATHS = (
					"$(inherited)",
					"@executable_path/Frameworks",
				);
				MARKETING_VERSION = 1.0;
				PRODUCT_BUNDLE_IDENTIFIER = com.fmmaltd.CryptoShare;
				PRODUCT_NAME = "$(TARGET_NAME)";
				SWIFT_EMIT_LOC_STRINGS = YES;
				SWIFT_VERSION = 5.0;
				TARGETED_DEVICE_FAMILY = "1,2";
			};
			name = Debug;
		};
		852794102A4572BA00556FA7 /* Release */ = {
			isa = XCBuildConfiguration;
			buildSettings = {
				ASSETCATALOG_COMPILER_APPICON_NAME = AppIcon;
				ASSETCATALOG_COMPILER_GLOBAL_ACCENT_COLOR_NAME = AccentColor;
				CODE_SIGN_STYLE = Automatic;
				CURRENT_PROJECT_VERSION = 1;
				DEVELOPMENT_ASSET_PATHS = "\"CryptoShare/Preview Content\"";
				DEVELOPMENT_TEAM = Y8F7U4Y956;
				ENABLE_PREVIEWS = YES;
				GENERATE_INFOPLIST_FILE = YES;
				INFOPLIST_KEY_UIApplicationSceneManifest_Generation = YES;
				INFOPLIST_KEY_UIApplicationSupportsIndirectInputEvents = YES;
				INFOPLIST_KEY_UILaunchScreen_Generation = YES;
				INFOPLIST_KEY_UISupportedInterfaceOrientations_iPad = "UIInterfaceOrientationPortrait UIInterfaceOrientationPortraitUpsideDown UIInterfaceOrientationLandscapeLeft UIInterfaceOrientationLandscapeRight";
				INFOPLIST_KEY_UISupportedInterfaceOrientations_iPhone = "UIInterfaceOrientationPortrait UIInterfaceOrientationLandscapeLeft UIInterfaceOrientationLandscapeRight";
				LD_RUNPATH_SEARCH_PATHS = (
					"$(inherited)",
					"@executable_path/Frameworks",
				);
				MARKETING_VERSION = 1.0;
				PRODUCT_BUNDLE_IDENTIFIER = com.fmmaltd.CryptoShare;
				PRODUCT_NAME = "$(TARGET_NAME)";
				SWIFT_EMIT_LOC_STRINGS = YES;
				SWIFT_VERSION = 5.0;
				TARGETED_DEVICE_FAMILY = "1,2";
			};
			name = Release;
		};
/* End XCBuildConfiguration section */

/* Begin XCConfigurationList section */
		852793FB2A4572B900556FA7 /* Build configuration list for PBXProject "CryptoShare" */ = {
			isa = XCConfigurationList;
			buildConfigurations = (
				8527940C2A4572BA00556FA7 /* Debug */,
				8527940D2A4572BA00556FA7 /* Release */,
			);
			defaultConfigurationIsVisible = 0;
			defaultConfigurationName = Release;
		};
		8527940E2A4572BA00556FA7 /* Build configuration list for PBXNativeTarget "CryptoShare" */ = {
			isa = XCConfigurationList;
			buildConfigurations = (
				8527940F2A4572BA00556FA7 /* Debug */,
				852794102A4572BA00556FA7 /* Release */,
			);
			defaultConfigurationIsVisible = 0;
			defaultConfigurationName = Release;
		};
/* End XCConfigurationList section */

/* Begin XCRemoteSwiftPackageReference section */
		8527941F2A4574EF00556FA7 /* XCRemoteSwiftPackageReference "firebase-ios-sdk" */ = {
			isa = XCRemoteSwiftPackageReference;
			repositoryURL = "https://github.com/firebase/firebase-ios-sdk";
			requirement = {
				kind = upToNextMajorVersion;
				minimumVersion = 10.0.0;
			};
		};
/* End XCRemoteSwiftPackageReference section */

/* Begin XCSwiftPackageProductDependency section */
		852794202A4574EF00556FA7 /* FirebaseAuth */ = {
			isa = XCSwiftPackageProductDependency;
			package = 8527941F2A4574EF00556FA7 /* XCRemoteSwiftPackageReference "firebase-ios-sdk" */;
			productName = FirebaseAuth;
		};
		852794222A4574EF00556FA7 /* FirebaseDatabase */ = {
			isa = XCSwiftPackageProductDependency;
			package = 8527941F2A4574EF00556FA7 /* XCRemoteSwiftPackageReference "firebase-ios-sdk" */;
			productName = FirebaseDatabase;
		};
		852794242A4574EF00556FA7 /* FirebaseFirestore */ = {
			isa = XCSwiftPackageProductDependency;
			package = 8527941F2A4574EF00556FA7 /* XCRemoteSwiftPackageReference "firebase-ios-sdk" */;
			productName = FirebaseFirestore;
		};
		852794262A4574EF00556FA7 /* FirebaseStorage */ = {
			isa = XCSwiftPackageProductDependency;
			package = 8527941F2A4574EF00556FA7 /* XCRemoteSwiftPackageReference "firebase-ios-sdk" */;
			productName = FirebaseStorage;
		};
/* End XCSwiftPackageProductDependency section */
	};
	rootObject = 852793F82A4572B900556FA7 /* Project object */;
}
